
Microsoft Visual Studio Solution File, Format Version 12.00
# Visual Studio 14
VisualStudioVersion = 14.0.25420.1
MinimumVisualStudioVersion = 10.0.40219.1
Project("{FAE04EC0-301F-11D3-BF4B-00C04F79EFBC}") = "Backbend", "Backbend.csproj", "{CEF48E59-9C76-4B4A-B6FB-974D9DAD3C02}"
EndProject
Project("{FAE04EC0-301F-11D3-BF4B-00C04F79EFBC}") = "Backbend.Test", "Test\Backbend.Test.csproj", "{C6677800-3715-4C88-A3F8-03B7B84D7409}"
EndProject
Project("{FAE04EC0-301F-11D3-BF4B-00C04F79EFBC}") = "Backbend.Core", "Core\Backbend.Core.csproj", "{872BF67B-BA6E-472C-BA2C-6F47A0AB5894}"
EndProject
Project("{2150E333-8FDC-42A3-9474-1A3956D46DE8}") = ".nuget", ".nuget", "{51277336-b1f2-4d28-b610-d4208d0dbae1}"
	ProjectSection(SolutionItems) = preProject
		.nuget\NuGet.config = .nuget\NuGet.config
	EndProjectSection
EndProject
Global
	GlobalSection(SolutionConfigurationPlatforms) = preSolution
		Debug|Any CPU = Debug|Any CPU
		Release|Any CPU = Release|Any CPU
	EndGlobalSection
	GlobalSection(ProjectConfigurationPlatforms) = postSolution
		{CEF48E59-9C76-4B4A-B6FB-974D9DAD3C02}.Debug|Any CPU.ActiveCfg = Debug|Any CPU
		{CEF48E59-9C76-4B4A-B6FB-974D9DAD3C02}.Debug|Any CPU.Build.0 = Debug|Any CPU
		{CEF48E59-9C76-4B4A-B6FB-974D9DAD3C02}.Release|Any CPU.ActiveCfg = Release|Any CPU
		{CEF48E59-9C76-4B4A-B6FB-974D9DAD3C02}.Release|Any CPU.Build.0 = Release|Any CPU
		{C6677800-3715-4C88-A3F8-03B7B84D7409}.Debug|Any CPU.ActiveCfg = Debug|Any CPU
		{C6677800-3715-4C88-A3F8-03B7B84D7409}.Debug|Any CPU.Build.0 = Debug|Any CPU
		{C6677800-3715-4C88-A3F8-03B7B84D7409}.Release|Any CPU.ActiveCfg = Release|Any CPU
		{C6677800-3715-4C88-A3F8-03B7B84D7409}.Release|Any CPU.Build.0 = Release|Any CPU
		{872BF67B-BA6E-472C-BA2C-6F47A0AB5894}.Debug|Any CPU.ActiveCfg = Debug|Any CPU
		{872BF67B-BA6E-472C-BA2C-6F47A0AB5894}.Debug|Any CPU.Build.0 = Debug|Any CPU
		{872BF67B-BA6E-472C-BA2C-6F47A0AB5894}.Release|Any CPU.ActiveCfg = Release|Any CPU
		{872BF67B-BA6E-472C-BA2C-6F47A0AB5894}.Release|Any CPU.Build.0 = Release|Any CPU
	EndGlobalSection
	GlobalSection(SolutionProperties) = preSolution
		HideSolutionNode = FALSE
	EndGlobalSection
EndGlobal
