Microsoft Visual Studio Solution File, Format Version 12.00
# Visual Studio 15
VisualStudioVersion = 15.0.28010.2046
MinimumVisualStudioVersion = 10.0.40219.1
Project("{FAE04EC0-301F-11D3-BF4B-00C04F79EFBC}") = "Backbend", "Backbend.csproj", "{289BCCAB-02B0-4D08-920A-B4A844883248}"
EndProject
Project("{9A19103F-16F7-4668-BE54-9A1E7A4F7556}") = "Backbend.Web", "Web\Backbend.Web.csproj", "{5B36ADC7-16BF-493A-A2A7-EE0AFAFFD2BB}"
EndProject
Project("{9A19103F-16F7-4668-BE54-9A1E7A4F7556}") = "Backbend.Core", "Core\Backbend.Core.csproj", "{47AF17B4-8779-4774-B174-712067B02AEA}"
EndProject
Project("{9A19103F-16F7-4668-BE54-9A1E7A4F7556}") = "Backbend.Test", "Test\Backbend.Test.csproj", "{F300FE4E-3DB8-45AE-A2E0-AD7E132BCB3C}"
EndProject
Global
	GlobalSection(SolutionConfigurationPlatforms) = preSolution
		Debug|Any CPU = Debug|Any CPU
		Release|Any CPU = Release|Any CPU
	EndGlobalSection
	GlobalSection(ProjectConfigurationPlatforms) = postSolution
		{5B36ADC7-16BF-493A-A2A7-EE0AFAFFD2BB}.Debug|Any CPU.ActiveCfg = Debug|Any CPU
		{5B36ADC7-16BF-493A-A2A7-EE0AFAFFD2BB}.Debug|Any CPU.Build.0 = Debug|Any CPU
		{5B36ADC7-16BF-493A-A2A7-EE0AFAFFD2BB}.Release|Any CPU.ActiveCfg = Release|Any CPU
		{5B36ADC7-16BF-493A-A2A7-EE0AFAFFD2BB}.Release|Any CPU.Build.0 = Release|Any CPU
		{47AF17B4-8779-4774-B174-712067B02AEA}.Debug|Any CPU.ActiveCfg = Debug|Any CPU
		{47AF17B4-8779-4774-B174-712067B02AEA}.Debug|Any CPU.Build.0 = Debug|Any CPU
		{47AF17B4-8779-4774-B174-712067B02AEA}.Release|Any CPU.ActiveCfg = Release|Any CPU
		{47AF17B4-8779-4774-B174-712067B02AEA}.Release|Any CPU.Build.0 = Release|Any CPU
		{F300FE4E-3DB8-45AE-A2E0-AD7E132BCB3C}.Debug|Any CPU.ActiveCfg = Debug|Any CPU
		{F300FE4E-3DB8-45AE-A2E0-AD7E132BCB3C}.Debug|Any CPU.Build.0 = Debug|Any CPU
		{F300FE4E-3DB8-45AE-A2E0-AD7E132BCB3C}.Release|Any CPU.ActiveCfg = Release|Any CPU
		{F300FE4E-3DB8-45AE-A2E0-AD7E132BCB3C}.Release|Any CPU.Build.0 = Release|Any CPU
		{289BCCAB-02B0-4D08-920A-B4A844883248}.Debug|Any CPU.ActiveCfg = Debug|Any CPU
		{289BCCAB-02B0-4D08-920A-B4A844883248}.Debug|Any CPU.Build.0 = Debug|Any CPU
		{289BCCAB-02B0-4D08-920A-B4A844883248}.Release|Any CPU.ActiveCfg = Release|Any CPU
		{289BCCAB-02B0-4D08-920A-B4A844883248}.Release|Any CPU.Build.0 = Release|Any CPU
	EndGlobalSection
	GlobalSection(SolutionProperties) = preSolution
		HideSolutionNode = FALSE
	EndGlobalSection
	GlobalSection(ExtensibilityGlobals) = postSolution
		SolutionGuid = {64BEA367-F784-4D2A-8D46-7442FADA154F}
	EndGlobalSection
EndGlobal
